// !$*UTF8*$!
{
	archiveVersion = 1;
	classes = {
	};
	objectVersion = 77;
	objects = {

/* Begin PBXBuildFile section */
		F791F4572CECABF10016F2BE /* interop_direct_spm.framework in Frameworks */ = {isa = PBXBuildFile; fileRef = F791F44E2CECABF00016F2BE /* interop_direct_spm.framework */; };
		F791F4692CECAC060016F2BE /* FNMNetworkMonitor in Frameworks */ = {isa = PBXBuildFile; productRef = F791F4682CECAC060016F2BE /* FNMNetworkMonitor */; };
/* End PBXBuildFile section */

/* Begin PBXContainerItemProxy section */
		F791F4582CECABF10016F2BE /* PBXContainerItemProxy */ = {
			isa = PBXContainerItemProxy;
			containerPortal = F791F4452CECABF00016F2BE /* Project object */;
			proxyType = 1;
			remoteGlobalIDString = F791F44D2CECABF00016F2BE;
			remoteInfo = "interop-direct-spm";
		};
/* End PBXContainerItemProxy section */

/* Begin PBXFileReference section */
		F791F44E2CECABF00016F2BE /* interop_direct_spm.framework */ = {isa = PBXFileReference; explicitFileType = wrapper.framework; includeInIndex = 0; path = interop_direct_spm.framework; sourceTree = BUILT_PRODUCTS_DIR; };
		F791F4562CECABF10016F2BE /* interop-direct-spmTests.xctest */ = {isa = PBXFileReference; explicitFileType = wrapper.cfbundle; includeInIndex = 0; path = "interop-direct-spmTests.xctest"; sourceTree = BUILT_PRODUCTS_DIR; };
/* End PBXFileReference section */

/* Begin PBXFileSystemSynchronizedBuildFileExceptionSet section */
		F791F45E2CECABF10016F2BE /* Exceptions for "interop-direct-spm" folder in "interop-direct-spm" target */ = {
			isa = PBXFileSystemSynchronizedBuildFileExceptionSet;
			publicHeaders = (
				interop_direct_spm.h,
			);
			target = F791F44D2CECABF00016F2BE /* interop-direct-spm */;
		};
/* End PBXFileSystemSynchronizedBuildFileExceptionSet section */

/* Begin PBXFileSystemSynchronizedRootGroup section */
		F791F4502CECABF00016F2BE /* interop-direct-spm */ = {
			isa = PBXFileSystemSynchronizedRootGroup;
			exceptions = (
				F791F45E2CECABF10016F2BE /* Exceptions for "interop-direct-spm" folder in "interop-direct-spm" target */,
			);
			path = "interop-direct-spm";
			sourceTree = "<group>";
		};
		F791F45A2CECABF10016F2BE /* interop-direct-spmTests */ = {
			isa = PBXFileSystemSynchronizedRootGroup;
			path = "interop-direct-spmTests";
			sourceTree = "<group>";
		};
/* End PBXFileSystemSynchronizedRootGroup section */

/* Begin PBXFrameworksBuildPhase section */
		F791F44B2CECABF00016F2BE /* Frameworks */ = {
			isa = PBXFrameworksBuildPhase;
			buildActionMask = 2147483647;
			files = (
				F791F4692CECAC060016F2BE /* FNMNetworkMonitor in Frameworks */,
			);
			runOnlyForDeploymentPostprocessing = 0;
		};
		F791F4532CECABF10016F2BE /* Frameworks */ = {
			isa = PBXFrameworksBuildPhase;
			buildActionMask = 2147483647;
			files = (
				F791F4572CECABF10016F2BE /* interop_direct_spm.framework in Frameworks */,
			);
			runOnlyForDeploymentPostprocessing = 0;
		};
/* End PBXFrameworksBuildPhase section */

/* Begin PBXGroup section */
		F791F4442CECABF00016F2BE = {
			isa = PBXGroup;
			children = (
				F791F4502CECABF00016F2BE /* interop-direct-spm */,
				F791F45A2CECABF10016F2BE /* interop-direct-spmTests */,
				F791F44F2CECABF00016F2BE /* Products */,
			);
			sourceTree = "<group>";
		};
		F791F44F2CECABF00016F2BE /* Products */ = {
			isa = PBXGroup;
			children = (
				F791F44E2CECABF00016F2BE /* interop_direct_spm.framework */,
				F791F4562CECABF10016F2BE /* interop-direct-spmTests.xctest */,
			);
			name = Products;
			sourceTree = "<group>";
		};
/* End PBXGroup section */

/* Begin PBXHeadersBuildPhase section */
		F791F4492CECABF00016F2BE /* Headers */ = {
			isa = PBXHeadersBuildPhase;
			buildActionMask = 2147483647;
			files = (
			);
			runOnlyForDeploymentPostprocessing = 0;
		};
/* End PBXHeadersBuildPhase section */

/* Begin PBXNativeTarget section */
		F791F44D2CECABF00016F2BE /* interop-direct-spm */ = {
			isa = PBXNativeTarget;
			buildConfigurationList = F791F45F2CECABF10016F2BE /* Build configuration list for PBXNativeTarget "interop-direct-spm" */;
			buildPhases = (
				F791F4492CECABF00016F2BE /* Headers */,
				F791F44A2CECABF00016F2BE /* Sources */,
				F791F44B2CECABF00016F2BE /* Frameworks */,
				F791F44C2CECABF00016F2BE /* Resources */,
			);
			buildRules = (
			);
			dependencies = (
			);
			fileSystemSynchronizedGroups = (
				F791F4502CECABF00016F2BE /* interop-direct-spm */,
			);
			name = "interop-direct-spm";
			packageProductDependencies = (
				F791F4682CECAC060016F2BE /* FNMNetworkMonitor */,
			);
			productName = "interop-direct-spm";
			productReference = F791F44E2CECABF00016F2BE /* interop_direct_spm.framework */;
			productType = "com.apple.product-type.framework";
		};
		F791F4552CECABF10016F2BE /* interop-direct-spmTests */ = {
			isa = PBXNativeTarget;
			buildConfigurationList = F791F4642CECABF10016F2BE /* Build configuration list for PBXNativeTarget "interop-direct-spmTests" */;
			buildPhases = (
				F791F4522CECABF10016F2BE /* Sources */,
				F791F4532CECABF10016F2BE /* Frameworks */,
				F791F4542CECABF10016F2BE /* Resources */,
			);
			buildRules = (
			);
			dependencies = (
				F791F4592CECABF10016F2BE /* PBXTargetDependency */,
			);
			fileSystemSynchronizedGroups = (
				F791F45A2CECABF10016F2BE /* interop-direct-spmTests */,
			);
			name = "interop-direct-spmTests";
			packageProductDependencies = (
			);
			productName = "interop-direct-spmTests";
			productReference = F791F4562CECABF10016F2BE /* interop-direct-spmTests.xctest */;
			productType = "com.apple.product-type.bundle.unit-test";
		};
/* End PBXNativeTarget section */

/* Begin PBXProject section */
		F791F4452CECABF00016F2BE /* Project object */ = {
			isa = PBXProject;
			attributes = {
				BuildIndependentTargetsInParallel = 1;
				LastUpgradeCheck = 1610;
				TargetAttributes = {
					F791F44D2CECABF00016F2BE = {
						CreatedOnToolsVersion = 16.1;
						LastSwiftMigration = 1610;
					};
					F791F4552CECABF10016F2BE = {
						CreatedOnToolsVersion = 16.1;
					};
				};
			};
			buildConfigurationList = F791F4482CECABF00016F2BE /* Build configuration list for PBXProject "interop-direct-spm" */;
			developmentRegion = en;
			hasScannedForEncodings = 0;
			knownRegions = (
				en,
				Base,
			);
			mainGroup = F791F4442CECABF00016F2BE;
			minimizedProjectReferenceProxies = 1;
			packageReferences = (
				F791F4672CECAC060016F2BE /* XCRemoteSwiftPackageReference "network-monitor-ios" */,
			);
			preferredProjectObjectVersion = 77;
			productRefGroup = F791F44F2CECABF00016F2BE /* Products */;
			projectDirPath = "";
			projectRoot = "";
			targets = (
				F791F44D2CECABF00016F2BE /* interop-direct-spm */,
				F791F4552CECABF10016F2BE /* interop-direct-spmTests */,
			);
		};
/* End PBXProject section */

/* Begin PBXResourcesBuildPhase section */
		F791F44C2CECABF00016F2BE /* Resources */ = {
			isa = PBXResourcesBuildPhase;
			buildActionMask = 2147483647;
			files = (
			);
			runOnlyForDeploymentPostprocessing = 0;
		};
		F791F4542CECABF10016F2BE /* Resources */ = {
			isa = PBXResourcesBuildPhase;
			buildActionMask = 2147483647;
			files = (
			);
			runOnlyForDeploymentPostprocessing = 0;
		};
/* End PBXResourcesBuildPhase section */

/* Begin PBXSourcesBuildPhase section */
		F791F44A2CECABF00016F2BE /* Sources */ = {
			isa = PBXSourcesBuildPhase;
			buildActionMask = 2147483647;
			files = (
			);
			runOnlyForDeploymentPostprocessing = 0;
		};
		F791F4522CECABF10016F2BE /* Sources */ = {
			isa = PBXSourcesBuildPhase;
			buildActionMask = 2147483647;
			files = (
			);
			runOnlyForDeploymentPostprocessing = 0;
		};
/* End PBXSourcesBuildPhase section */

/* Begin PBXTargetDependency section */
		F791F4592CECABF10016F2BE /* PBXTargetDependency */ = {
			isa = PBXTargetDependency;
			target = F791F44D2CECABF00016F2BE /* interop-direct-spm */;
			targetProxy = F791F4582CECABF10016F2BE /* PBXContainerItemProxy */;
		};
/* End PBXTargetDependency section */

/* Begin XCBuildConfiguration section */
		F791F4602CECABF10016F2BE /* Debug */ = {
			isa = XCBuildConfiguration;
			buildSettings = {
				CLANG_ENABLE_MODULES = YES;
				CODE_SIGN_STYLE = Automatic;
				CURRENT_PROJECT_VERSION = 1;
				DEFINES_MODULE = YES;
				DYLIB_COMPATIBILITY_VERSION = 1;
				DYLIB_CURRENT_VERSION = 1;
				DYLIB_INSTALL_NAME_BASE = "@rpath";
				ENABLE_MODULE_VERIFIER = YES;
				GENERATE_INFOPLIST_FILE = YES;
				INFOPLIST_KEY_NSHumanReadableCopyright = "";
				INSTALL_PATH = "$(LOCAL_LIBRARY_DIR)/Frameworks";
				LD_RUNPATH_SEARCH_PATHS = (
					"$(inherited)",
					"@executable_path/Frameworks",
					"@loader_path/Frameworks",
				);
				MARKETING_VERSION = 1.0;
				MODULE_VERIFIER_SUPPORTED_LANGUAGES = "objective-c objective-c++";
				MODULE_VERIFIER_SUPPORTED_LANGUAGE_STANDARDS = "gnu17 gnu++20";
				PRODUCT_BUNDLE_IDENTIFIER = "com.diogo.interop-direct-spm";
				PRODUCT_NAME = "$(TARGET_NAME:c99extidentifier)";
				SKIP_INSTALL = YES;
				SWIFT_EMIT_LOC_STRINGS = YES;
				SWIFT_OPTIMIZATION_LEVEL = "-Onone";
				SWIFT_VERSION = 6.0;
				TARGETED_DEVICE_FAMILY = "1,2";
			};
			name = Debug;
		};
		F791F4612CECABF10016F2BE /* Release */ = {
			isa = XCBuildConfiguration;
			buildSettings = {
				CLANG_ENABLE_MODULES = YES;
				CODE_SIGN_STYLE = Automatic;
				CURRENT_PROJECT_VERSION = 1;
				DEFINES_MODULE = YES;
				DYLIB_COMPATIBILITY_VERSION = 1;
				DYLIB_CURRENT_VERSION = 1;
				DYLIB_INSTALL_NAME_BASE = "@rpath";
				ENABLE_MODULE_VERIFIER = YES;
				GENERATE_INFOPLIST_FILE = YES;
				INFOPLIST_KEY_NSHumanReadableCopyright = "";
				INSTALL_PATH = "$(LOCAL_LIBRARY_DIR)/Frameworks";
				LD_RUNPATH_SEARCH_PATHS = (
					"$(inherited)",
					"@executable_path/Frameworks",
					"@loader_path/Frameworks",
				);
				MARKETING_VERSION = 1.0;
				MODULE_VERIFIER_SUPPORTED_LANGUAGES = "objective-c objective-c++";
				MODULE_VERIFIER_SUPPORTED_LANGUAGE_STANDARDS = "gnu17 gnu++20";
				PRODUCT_BUNDLE_IDENTIFIER = "com.diogo.interop-direct-spm";
				PRODUCT_NAME = "$(TARGET_NAME:c99extidentifier)";
				SKIP_INSTALL = YES;
				SWIFT_EMIT_LOC_STRINGS = YES;
				SWIFT_VERSION = 6.0;
				TARGETED_DEVICE_FAMILY = "1,2";
			};
			name = Release;
		};
		F791F4622CECABF10016F2BE /* Debug */ = {
			isa = XCBuildConfiguration;
			buildSettings = {
				ALWAYS_SEARCH_USER_PATHS = NO;
				ASSETCATALOG_COMPILER_GENERATE_SWIFT_ASSET_SYMBOL_EXTENSIONS = YES;
				CLANG_ANALYZER_NONNULL = YES;
				CLANG_ANALYZER_NUMBER_OBJECT_CONVERSION = YES_AGGRESSIVE;
				CLANG_CXX_LANGUAGE_STANDARD = "gnu++20";
				CLANG_ENABLE_MODULES = YES;
				CLANG_ENABLE_OBJC_ARC = YES;
				CLANG_ENABLE_OBJC_WEAK = YES;
				CLANG_WARN_BLOCK_CAPTURE_AUTORELEASING = YES;
				CLANG_WARN_BOOL_CONVERSION = YES;
				CLANG_WARN_COMMA = YES;
				CLANG_WARN_CONSTANT_CONVERSION = YES;
				CLANG_WARN_DEPRECATED_OBJC_IMPLEMENTATIONS = YES;
				CLANG_WARN_DIRECT_OBJC_ISA_USAGE = YES_ERROR;
				CLANG_WARN_DOCUMENTATION_COMMENTS = YES;
				CLANG_WARN_EMPTY_BODY = YES;
				CLANG_WARN_ENUM_CONVERSION = YES;
				CLANG_WARN_INFINITE_RECURSION = YES;
				CLANG_WARN_INT_CONVERSION = YES;
				CLANG_WARN_NON_LITERAL_NULL_CONVERSION = YES;
				CLANG_WARN_OBJC_IMPLICIT_RETAIN_SELF = YES;
				CLANG_WARN_OBJC_LITERAL_CONVERSION = YES;
				CLANG_WARN_OBJC_ROOT_CLASS = YES_ERROR;
				CLANG_WARN_QUOTED_INCLUDE_IN_FRAMEWORK_HEADER = YES;
				CLANG_WARN_RANGE_LOOP_ANALYSIS = YES;
				CLANG_WARN_STRICT_PROTOTYPES = YES;
				CLANG_WARN_SUSPICIOUS_MOVE = YES;
				CLANG_WARN_UNGUARDED_AVAILABILITY = YES_AGGRESSIVE;
				CLANG_WARN_UNREACHABLE_CODE = YES;
				CLANG_WARN__DUPLICATE_METHOD_MATCH = YES;
				COPY_PHASE_STRIP = NO;
				CURRENT_PROJECT_VERSION = 1;
				DEBUG_INFORMATION_FORMAT = dwarf;
				ENABLE_STRICT_OBJC_MSGSEND = YES;
				ENABLE_TESTABILITY = YES;
				ENABLE_USER_SCRIPT_SANDBOXING = YES;
				GCC_C_LANGUAGE_STANDARD = gnu17;
				GCC_DYNAMIC_NO_PIC = NO;
				GCC_NO_COMMON_BLOCKS = YES;
				GCC_OPTIMIZATION_LEVEL = 0;
				GCC_PREPROCESSOR_DEFINITIONS = (
					"DEBUG=1",
					"$(inherited)",
				);
				GCC_WARN_64_TO_32_BIT_CONVERSION = YES;
				GCC_WARN_ABOUT_RETURN_TYPE = YES_ERROR;
				GCC_WARN_UNDECLARED_SELECTOR = YES;
				GCC_WARN_UNINITIALIZED_AUTOS = YES_AGGRESSIVE;
				GCC_WARN_UNUSED_FUNCTION = YES;
				GCC_WARN_UNUSED_VARIABLE = YES;
				IPHONEOS_DEPLOYMENT_TARGET = 18.1;
				LOCALIZATION_PREFERS_STRING_CATALOGS = YES;
				MTL_ENABLE_DEBUG_INFO = INCLUDE_SOURCE;
				MTL_FAST_MATH = YES;
				ONLY_ACTIVE_ARCH = YES;
				SDKROOT = iphoneos;
				VERSIONING_SYSTEM = "apple-generic";
				VERSION_INFO_PREFIX = "";
			};
			name = Debug;
		};
		F791F4632CECABF10016F2BE /* Release */ = {
			isa = XCBuildConfiguration;
			buildSettings = {
				ALWAYS_SEARCH_USER_PATHS = NO;
				ASSETCATALOG_COMPILER_GENERATE_SWIFT_ASSET_SYMBOL_EXTENSIONS = YES;
				CLANG_ANALYZER_NONNULL = YES;
				CLANG_ANALYZER_NUMBER_OBJECT_CONVERSION = YES_AGGRESSIVE;
				CLANG_CXX_LANGUAGE_STANDARD = "gnu++20";
				CLANG_ENABLE_MODULES = YES;
				CLANG_ENABLE_OBJC_ARC = YES;
				CLANG_ENABLE_OBJC_WEAK = YES;
				CLANG_WARN_BLOCK_CAPTURE_AUTORELEASING = YES;
				CLANG_WARN_BOOL_CONVERSION = YES;
				CLANG_WARN_COMMA = YES;
				CLANG_WARN_CONSTANT_CONVERSION = YES;
				CLANG_WARN_DEPRECATED_OBJC_IMPLEMENTATIONS = YES;
				CLANG_WARN_DIRECT_OBJC_ISA_USAGE = YES_ERROR;
				CLANG_WARN_DOCUMENTATION_COMMENTS = YES;
				CLANG_WARN_EMPTY_BODY = YES;
				CLANG_WARN_ENUM_CONVERSION = YES;
				CLANG_WARN_INFINITE_RECURSION = YES;
				CLANG_WARN_INT_CONVERSION = YES;
				CLANG_WARN_NON_LITERAL_NULL_CONVERSION = YES;
				CLANG_WARN_OBJC_IMPLICIT_RETAIN_SELF = YES;
				CLANG_WARN_OBJC_LITERAL_CONVERSION = YES;
				CLANG_WARN_OBJC_ROOT_CLASS = YES_ERROR;
				CLANG_WARN_QUOTED_INCLUDE_IN_FRAMEWORK_HEADER = YES;
				CLANG_WARN_RANGE_LOOP_ANALYSIS = YES;
				CLANG_WARN_STRICT_PROTOTYPES = YES;
				CLANG_WARN_SUSPICIOUS_MOVE = YES;
				CLANG_WARN_UNGUARDED_AVAILABILITY = YES_AGGRESSIVE;
				CLANG_WARN_UNREACHABLE_CODE = YES;
				CLANG_WARN__DUPLICATE_METHOD_MATCH = YES;
				COPY_PHASE_STRIP = NO;
				CURRENT_PROJECT_VERSION = 1;
				DEBUG_INFORMATION_FORMAT = "dwarf-with-dsym";
				ENABLE_NS_ASSERTIONS = NO;
				ENABLE_STRICT_OBJC_MSGSEND = YES;
				ENABLE_USER_SCRIPT_SANDBOXING = YES;
				GCC_C_LANGUAGE_STANDARD = gnu17;
				GCC_NO_COMMON_BLOCKS = YES;
				GCC_WARN_64_TO_32_BIT_CONVERSION = YES;
				GCC_WARN_ABOUT_RETURN_TYPE = YES_ERROR;
				GCC_WARN_UNDECLARED_SELECTOR = YES;
				GCC_WARN_UNINITIALIZED_AUTOS = YES_AGGRESSIVE;
				GCC_WARN_UNUSED_FUNCTION = YES;
				GCC_WARN_UNUSED_VARIABLE = YES;
				IPHONEOS_DEPLOYMENT_TARGET = 18.1;
				LOCALIZATION_PREFERS_STRING_CATALOGS = YES;
				MTL_ENABLE_DEBUG_INFO = NO;
				MTL_FAST_MATH = YES;
				SDKROOT = iphoneos;
				VALIDATE_PRODUCT = YES;
				VERSIONING_SYSTEM = "apple-generic";
				VERSION_INFO_PREFIX = "";
			};
			name = Release;
		};
		F791F4652CECABF10016F2BE /* Debug */ = {
			isa = XCBuildConfiguration;
			buildSettings = {
				CODE_SIGN_STYLE = Automatic;
				CURRENT_PROJECT_VERSION = 1;
				GENERATE_INFOPLIST_FILE = YES;
				MARKETING_VERSION = 1.0;
				PRODUCT_BUNDLE_IDENTIFIER = "com.diogo.interop-direct-spmTests";
				PRODUCT_NAME = "$(TARGET_NAME)";
				SWIFT_EMIT_LOC_STRINGS = NO;
				TARGETED_DEVICE_FAMILY = "1,2";
			};
			name = Debug;
		};
		F791F4662CECABF10016F2BE /* Release */ = {
			isa = XCBuildConfiguration;
			buildSettings = {
				CODE_SIGN_STYLE = Automatic;
				CURRENT_PROJECT_VERSION = 1;
				GENERATE_INFOPLIST_FILE = YES;
				MARKETING_VERSION = 1.0;
				PRODUCT_BUNDLE_IDENTIFIER = "com.diogo.interop-direct-spmTests";
				PRODUCT_NAME = "$(TARGET_NAME)";
				SWIFT_EMIT_LOC_STRINGS = NO;
				TARGETED_DEVICE_FAMILY = "1,2";
			};
			name = Release;
		};
/* End XCBuildConfiguration section */

/* Begin XCConfigurationList section */
		F791F4482CECABF00016F2BE /* Build configuration list for PBXProject "interop-direct-spm" */ = {
			isa = XCConfigurationList;
			buildConfigurations = (
				F791F4622CECABF10016F2BE /* Debug */,
				F791F4632CECABF10016F2BE /* Release */,
			);
			defaultConfigurationIsVisible = 0;
			defaultConfigurationName = Release;
		};
		F791F45F2CECABF10016F2BE /* Build configuration list for PBXNativeTarget "interop-direct-spm" */ = {
			isa = XCConfigurationList;
			buildConfigurations = (
				F791F4602CECABF10016F2BE /* Debug */,
				F791F4612CECABF10016F2BE /* Release */,
			);
			defaultConfigurationIsVisible = 0;
			defaultConfigurationName = Release;
		};
		F791F4642CECABF10016F2BE /* Build configuration list for PBXNativeTarget "interop-direct-spmTests" */ = {
			isa = XCConfigurationList;
			buildConfigurations = (
				F791F4652CECABF10016F2BE /* Debug */,
				F791F4662CECABF10016F2BE /* Release */,
			);
			defaultConfigurationIsVisible = 0;
			defaultConfigurationName = Release;
		};
/* End XCConfigurationList section */

/* Begin XCRemoteSwiftPackageReference section */
		F791F4672CECAC060016F2BE /* XCRemoteSwiftPackageReference "network-monitor-ios" */ = {
			isa = XCRemoteSwiftPackageReference;
			repositoryURL = "https://github.com/Farfetch/network-monitor-ios.git";
			requirement = {
				kind = upToNextMajorVersion;
				minimumVersion = 12.1.0;
			};
		};
/* End XCRemoteSwiftPackageReference section */

/* Begin XCSwiftPackageProductDependency section */
		F791F4682CECAC060016F2BE /* FNMNetworkMonitor */ = {
			isa = XCSwiftPackageProductDependency;
			package = F791F4672CECAC060016F2BE /* XCRemoteSwiftPackageReference "network-monitor-ios" */;
			productName = FNMNetworkMonitor;
		};
/* End XCSwiftPackageProductDependency section */
	};
	rootObject = F791F4452CECABF00016F2BE /* Project object */;
}
