PODS:
  - interop-plugin-spm (1.0.0)

DEPENDENCIES:
  - interop-plugin-spm (from `./`)

EXTERNAL SOURCES:
  interop-plugin-spm:
    :path: "./"

SPEC CHECKSUMS:
  interop-plugin-spm: d8abea7370d649e4cae4fdc288e913f38837f4e1

PODFILE CHECKSUM: 535aef43802f56366ca9fa44cda8b8bc9d0d924f

COCOAPODS: 1.15.2
